
Microsoft Visual Studio Solution File, Format Version 12.00
# Visual Studio Version 17
VisualStudioVersion = 17.7.34009.444
MinimumVisualStudioVersion = 10.0.40219.1
Project("{9A19103F-16F7-4668-BE54-9A1E7A4F7556}") = "MyNoteService.Model", "MyNoteService.Model\MyNoteService.Model.csproj", "{B8405FBE-5E75-45FE-991F-6234AB1E4337}"
EndProject
Project("{9A19103F-16F7-4668-BE54-9A1E7A4F7556}") = "MyNoteService.DataLayer", "MyNoteService.DataLayer\MyNoteService.DataLayer.csproj", "{0F54ADC5-099D-413F-AE41-0464DA0B9571}"
EndProject
Project("{9A19103F-16F7-4668-BE54-9A1E7A4F7556}") = "MyNoteService.DataLayer.SQL", "MyNoteService.DataLayer.SQL\MyNoteService.DataLayer.SQL.csproj", "{1C14A684-540B-48FB-84C2-22EE2B597D24}"
EndProject
Project("{9A19103F-16F7-4668-BE54-9A1E7A4F7556}") = "MyNoteService.DataLayer.SQL.Test", "MyNoteService.DataLayer.SQL.Test\MyNoteService.DataLayer.SQL.Test.csproj", "{F1233C45-9E72-4C37-B402-9244F4B2D05F}"
EndProject
Project("{FAE04EC0-301F-11D3-BF4B-00C04F79EFBC}") = "MyNoteService.WebApi", "MyNoteService.WebApi\MyNoteService.WebApi.csproj", "{BBBD901D-9AB6-4CC3-AE36-E4B94BDB9396}"
EndProject
Global
	GlobalSection(SolutionConfigurationPlatforms) = preSolution
		Debug|Any CPU = Debug|Any CPU
		Release|Any CPU = Release|Any CPU
	EndGlobalSection
	GlobalSection(ProjectConfigurationPlatforms) = postSolution
		{B8405FBE-5E75-45FE-991F-6234AB1E4337}.Debug|Any CPU.ActiveCfg = Debug|Any CPU
		{B8405FBE-5E75-45FE-991F-6234AB1E4337}.Debug|Any CPU.Build.0 = Debug|Any CPU
		{B8405FBE-5E75-45FE-991F-6234AB1E4337}.Release|Any CPU.ActiveCfg = Release|Any CPU
		{B8405FBE-5E75-45FE-991F-6234AB1E4337}.Release|Any CPU.Build.0 = Release|Any CPU
		{0F54ADC5-099D-413F-AE41-0464DA0B9571}.Debug|Any CPU.ActiveCfg = Debug|Any CPU
		{0F54ADC5-099D-413F-AE41-0464DA0B9571}.Debug|Any CPU.Build.0 = Debug|Any CPU
		{0F54ADC5-099D-413F-AE41-0464DA0B9571}.Release|Any CPU.ActiveCfg = Release|Any CPU
		{0F54ADC5-099D-413F-AE41-0464DA0B9571}.Release|Any CPU.Build.0 = Release|Any CPU
		{1C14A684-540B-48FB-84C2-22EE2B597D24}.Debug|Any CPU.ActiveCfg = Debug|Any CPU
		{1C14A684-540B-48FB-84C2-22EE2B597D24}.Debug|Any CPU.Build.0 = Debug|Any CPU
		{1C14A684-540B-48FB-84C2-22EE2B597D24}.Release|Any CPU.ActiveCfg = Release|Any CPU
		{1C14A684-540B-48FB-84C2-22EE2B597D24}.Release|Any CPU.Build.0 = Release|Any CPU
		{F1233C45-9E72-4C37-B402-9244F4B2D05F}.Debug|Any CPU.ActiveCfg = Debug|Any CPU
		{F1233C45-9E72-4C37-B402-9244F4B2D05F}.Debug|Any CPU.Build.0 = Debug|Any CPU
		{F1233C45-9E72-4C37-B402-9244F4B2D05F}.Release|Any CPU.ActiveCfg = Release|Any CPU
		{F1233C45-9E72-4C37-B402-9244F4B2D05F}.Release|Any CPU.Build.0 = Release|Any CPU
		{BBBD901D-9AB6-4CC3-AE36-E4B94BDB9396}.Debug|Any CPU.ActiveCfg = Debug|Any CPU
		{BBBD901D-9AB6-4CC3-AE36-E4B94BDB9396}.Debug|Any CPU.Build.0 = Debug|Any CPU
		{BBBD901D-9AB6-4CC3-AE36-E4B94BDB9396}.Release|Any CPU.ActiveCfg = Release|Any CPU
		{BBBD901D-9AB6-4CC3-AE36-E4B94BDB9396}.Release|Any CPU.Build.0 = Release|Any CPU
	EndGlobalSection
	GlobalSection(SolutionProperties) = preSolution
		HideSolutionNode = FALSE
	EndGlobalSection
	GlobalSection(ExtensibilityGlobals) = postSolution
		SolutionGuid = {F6BD46AE-B86E-4836-9E8D-F44DD309C4C7}
	EndGlobalSection
EndGlobal
